
Microsoft Visual Studio Solution File, Format Version 12.00
Project("{FAE04EC0-301F-11D3-BF4B-00C04F79EFBC}") = "Lab3", "Lab3\Lab3.csproj", "{A839F380-9BB2-471D-9635-F501BCE15055}"
EndProject
Global
	GlobalSection(SolutionConfigurationPlatforms) = preSolution
		Debug|Any CPU = Debug|Any CPU
		Release|Any CPU = Release|Any CPU
	EndGlobalSection
	GlobalSection(ProjectConfigurationPlatforms) = postSolution
		{A839F380-9BB2-471D-9635-F501BCE15055}.Debug|Any CPU.ActiveCfg = Debug|Any CPU
		{A839F380-9BB2-471D-9635-F501BCE15055}.Debug|Any CPU.Build.0 = Debug|Any CPU
		{A839F380-9BB2-471D-9635-F501BCE15055}.Release|Any CPU.ActiveCfg = Release|Any CPU
		{A839F380-9BB2-471D-9635-F501BCE15055}.Release|Any CPU.Build.0 = Release|Any CPU
	EndGlobalSection
EndGlobal
